
Microsoft Visual Studio Solution File, Format Version 12.00
# Visual Studio 2013
VisualStudioVersion = 12.0.21005.1
MinimumVisualStudioVersion = 10.0.40219.1
Project("{8BC9CEB8-8B4A-11D0-8D11-00A0C91BC942}") = "SumofFraction", "SumofFraction\SumofFraction.vcxproj", "{A34DF15B-A70A-48D2-BD6E-05F707FF5E77}"
EndProject
Global
	GlobalSection(SolutionConfigurationPlatforms) = preSolution
		Debug|Win32 = Debug|Win32
		Release|Win32 = Release|Win32
	EndGlobalSection
	GlobalSection(ProjectConfigurationPlatforms) = postSolution
		{A34DF15B-A70A-48D2-BD6E-05F707FF5E77}.Debug|Win32.ActiveCfg = Debug|Win32
		{A34DF15B-A70A-48D2-BD6E-05F707FF5E77}.Debug|Win32.Build.0 = Debug|Win32
		{A34DF15B-A70A-48D2-BD6E-05F707FF5E77}.Release|Win32.ActiveCfg = Release|Win32
		{A34DF15B-A70A-48D2-BD6E-05F707FF5E77}.Release|Win32.Build.0 = Release|Win32
	EndGlobalSection
	GlobalSection(SolutionProperties) = preSolution
		HideSolutionNode = FALSE
	EndGlobalSection
EndGlobal
